<?xml version="1.0" encoding="utf-8"?>
<Project ToolsVersion="4.0" xmlns="http://schemas.microsoft.com/developer/msbuild/2003">
  <ItemGroup>
    <Filter Include="소스 파일">
      <UniqueIdentifier>{4FC737F1-C7A5-4376-A066-2A32D752A2FF}</UniqueIdentifier>
      <Extensions>cpp;c;cxx;def;odl;idl;hpj;bat;asm;asmx</Extensions>
    </Filter>
    <Filter Include="헤더 파일">
      <UniqueIdentifier>{93995380-89BD-4b04-88EB-625FBE52EBFB}</UniqueIdentifier>
      <Extensions>h;hpp;hxx;hm;inl;inc;xsd</Extensions>
    </Filter>
    <Filter Include="리소스 파일">
      <UniqueIdentifier>{67DA6AB6-F800-4c08-8B7A-83BB121AAD01}</UniqueIdentifier>
      <Extensions>rc;ico;cur;bmp;dlg;rc2;rct;bin;rgs;gif;jpg;jpeg;jpe;resx</Extensions>
    </Filter>
  </ItemGroup>
  <ItemGroup>
    <ClCompile Include="MainFrm.cpp">
      <Filter>소스 파일</Filter>
    </ClCompile>
    <ClCompile Include="ProgressDlg.cpp">
      <Filter>소스 파일</Filter>
    </ClCompile>
    <ClCompile Include="stdafx.cpp">
      <Filter>소스 파일</Filter>
    </ClCompile>
    <ClCompile Include="TExportDlg.cpp">
      <Filter>소스 파일</Filter>
    </ClCompile>
    <ClCompile Include="TGameDB.cpp">
      <Filter>소스 파일</Filter>
    </ClCompile>
    <ClCompile Include="TImpErrBoundDlg.cpp">
      <Filter>소스 파일</Filter>
    </ClCompile>
    <ClCompile Include="TImportDlg.cpp">
      <Filter>소스 파일</Filter>
    </ClCompile>
    <ClCompile Include="TMapView.cpp">
      <Filter>소스 파일</Filter>
    </ClCompile>
    <ClCompile Include="TMonposSet.cpp">
      <Filter>소스 파일</Filter>
    </ClCompile>
    <ClCompile Include="TNpcposSet.cpp">
      <Filter>소스 파일</Filter>
    </ClCompile>
    <ClCompile Include="TPathWndBase.cpp">
      <Filter>소스 파일</Filter>
    </ClCompile>
    <ClCompile Include="TPathWndMAIN.cpp">
      <Filter>소스 파일</Filter>
    </ClCompile>
    <ClCompile Include="TPathWndMAP.cpp">
      <Filter>소스 파일</Filter>
    </ClCompile>
    <ClCompile Include="TPathWndMON.cpp">
      <Filter>소스 파일</Filter>
    </ClCompile>
    <ClCompile Include="TPathWndNPC.cpp">
      <Filter>소스 파일</Filter>
    </ClCompile>
    <ClCompile Include="TPathWndPOS.cpp">
      <Filter>소스 파일</Filter>
    </ClCompile>
    <ClCompile Include="TQClassSet.cpp">
      <Filter>소스 파일</Filter>
    </ClCompile>
    <ClCompile Include="TQTermSet.cpp">
      <Filter>소스 파일</Filter>
    </ClCompile>
    <ClCompile Include="TQuestDB.cpp">
      <Filter>소스 파일</Filter>
    </ClCompile>
    <ClCompile Include="TQuestPath.cpp">
      <Filter>소스 파일</Filter>
    </ClCompile>
    <ClCompile Include="TQuestPathDoc.cpp">
      <Filter>소스 파일</Filter>
    </ClCompile>
    <ClCompile Include="TQuestPathView.cpp">
      <Filter>소스 파일</Filter>
    </ClCompile>
    <ClCompile Include="TQuestSet.cpp">
      <Filter>소스 파일</Filter>
    </ClCompile>
    <ClCompile Include="TQuestView.cpp">
      <Filter>소스 파일</Filter>
    </ClCompile>
    <ClCompile Include="TRewardItemSet.cpp">
      <Filter>소스 파일</Filter>
    </ClCompile>
    <ClCompile Include="TTermItemSet.cpp">
      <Filter>소스 파일</Filter>
    </ClCompile>
    <ClCompile Include="TZoomDlg.cpp">
      <Filter>소스 파일</Filter>
    </ClCompile>
  </ItemGroup>
  <ItemGroup>
    <ClInclude Include="MainFrm.h">
      <Filter>헤더 파일</Filter>
    </ClInclude>
    <ClInclude Include="ProgressDlg.h">
      <Filter>헤더 파일</Filter>
    </ClInclude>
    <ClInclude Include="Resource.h">
      <Filter>헤더 파일</Filter>
    </ClInclude>
    <ClInclude Include="stdafx.h">
      <Filter>헤더 파일</Filter>
    </ClInclude>
    <ClInclude Include="TExportDlg.h">
      <Filter>헤더 파일</Filter>
    </ClInclude>
    <ClInclude Include="TGameDB.h">
      <Filter>헤더 파일</Filter>
    </ClInclude>
    <ClInclude Include="TImpErrBoundDlg.h">
      <Filter>헤더 파일</Filter>
    </ClInclude>
    <ClInclude Include="TImportDlg.h">
      <Filter>헤더 파일</Filter>
    </ClInclude>
    <ClInclude Include="TMapView.h">
      <Filter>헤더 파일</Filter>
    </ClInclude>
    <ClInclude Include="TMonposSet.h">
      <Filter>헤더 파일</Filter>
    </ClInclude>
    <ClInclude Include="TNpcposSet.h">
      <Filter>헤더 파일</Filter>
    </ClInclude>
    <ClInclude Include="TPathWndBase.h">
      <Filter>헤더 파일</Filter>
    </ClInclude>
    <ClInclude Include="TPathWndMAIN.h">
      <Filter>헤더 파일</Filter>
    </ClInclude>
    <ClInclude Include="TPathWndMAP.h">
      <Filter>헤더 파일</Filter>
    </ClInclude>
    <ClInclude Include="TPathWndMON.h">
      <Filter>헤더 파일</Filter>
    </ClInclude>
    <ClInclude Include="TPathWndNPC.h">
      <Filter>헤더 파일</Filter>
    </ClInclude>
    <ClInclude Include="TPathWndPOS.h">
      <Filter>헤더 파일</Filter>
    </ClInclude>
    <ClInclude Include="TQClassSet.h">
      <Filter>헤더 파일</Filter>
    </ClInclude>
    <ClInclude Include="TQTermSet.h">
      <Filter>헤더 파일</Filter>
    </ClInclude>
    <ClInclude Include="TQuestDB.h">
      <Filter>헤더 파일</Filter>
    </ClInclude>
    <ClInclude Include="TQuestPath.h">
      <Filter>헤더 파일</Filter>
    </ClInclude>
    <ClInclude Include="TQuestPathDoc.h">
      <Filter>헤더 파일</Filter>
    </ClInclude>
    <ClInclude Include="TQuestPathType.h">
      <Filter>헤더 파일</Filter>
    </ClInclude>
    <ClInclude Include="TQuestPathView.h">
      <Filter>헤더 파일</Filter>
    </ClInclude>
    <ClInclude Include="TQuestSet.h">
      <Filter>헤더 파일</Filter>
    </ClInclude>
    <ClInclude Include="TQuestView.h">
      <Filter>헤더 파일</Filter>
    </ClInclude>
    <ClInclude Include="TRewardItemSet.h">
      <Filter>헤더 파일</Filter>
    </ClInclude>
    <ClInclude Include="TTermItemSet.h">
      <Filter>헤더 파일</Filter>
    </ClInclude>
    <ClInclude Include="TZoomDlg.h">
      <Filter>헤더 파일</Filter>
    </ClInclude>
  </ItemGroup>
  <ItemGroup>
    <Image Include="res\bitmap_t.bmp">
      <Filter>리소스 파일</Filter>
    </Image>
    <Image Include="res\bmp00001.bmp">
      <Filter>리소스 파일</Filter>
    </Image>
    <Image Include="res\icon1.ico">
      <Filter>리소스 파일</Filter>
    </Image>
    <Image Include="res\icon_fin.ico">
      <Filter>리소스 파일</Filter>
    </Image>
    <Image Include="res\icon_fol.ico">
      <Filter>리소스 파일</Filter>
    </Image>
    <Image Include="res\Toolbar.bmp">
      <Filter>리소스 파일</Filter>
    </Image>
    <Image Include="res\TQuestPath.ico">
      <Filter>리소스 파일</Filter>
    </Image>
    <Image Include="res\TQuestPathDoc.ico">
      <Filter>리소스 파일</Filter>
    </Image>
  </ItemGroup>
  <ItemGroup>
    <ResourceCompile Include="TQuestPath.rc">
      <Filter>리소스 파일</Filter>
    </ResourceCompile>
  </ItemGroup>
  <ItemGroup>
    <None Include="res\TQuestPath.rc2">
      <Filter>리소스 파일</Filter>
    </None>
    <None Include="TQuestPath.reg" />
  </ItemGroup>
  <ItemGroup>
    <Text Include="ReadMe.txt" />
  </ItemGroup>
  <ItemGroup>
    <Manifest Include="res\TQuestPath.manifest" />
  </ItemGroup>
</Project>