<?xml version="1.0" encoding="utf-8"?>
<Project ToolsVersion="4.0" xmlns="http://schemas.microsoft.com/developer/msbuild/2003">
  <ItemGroup>
    <Filter Include="Source Files">
      <UniqueIdentifier>{121e4c93-f7ba-4563-b19b-2da1003ffbcd}</UniqueIdentifier>
      <Extensions>cpp;c;cxx;rc;def;r;odl;idl;hpj;bat</Extensions>
    </Filter>
    <Filter Include="Header Files">
      <UniqueIdentifier>{7d964473-318f-4514-a0b6-e9f70c93ffe0}</UniqueIdentifier>
      <Extensions>h;hpp;hxx;hm;inl</Extensions>
    </Filter>
    <Filter Include="Resource Files">
      <UniqueIdentifier>{7d7d5284-19f3-4bdc-ba91-8c128598a07c}</UniqueIdentifier>
      <Extensions>ico;cur;bmp;dlg;rc2;rct;bin;rgs;gif;jpg;jpeg;jpe</Extensions>
    </Filter>
  </ItemGroup>
  <ItemGroup>
    <ClCompile Include="ClassTitleDlg.cpp">
      <Filter>Source Files</Filter>
    </ClCompile>
    <ClCompile Include="FindQuestListDlg.cpp">
      <Filter>Source Files</Filter>
    </ClCompile>
    <ClCompile Include="FindQuestTitleDlg.cpp">
      <Filter>Source Files</Filter>
    </ClCompile>
    <ClCompile Include="MainFrm.cpp">
      <Filter>Source Files</Filter>
    </ClCompile>
    <ClCompile Include="StdAfx.cpp">
      <Filter>Source Files</Filter>
    </ClCompile>
    <ClCompile Include="TChangeParentDlg.cpp">
      <Filter>Source Files</Filter>
    </ClCompile>
    <ClCompile Include="TConditionSet.cpp">
      <Filter>Source Files</Filter>
    </ClCompile>
    <ClCompile Include="TEditTQClassDlg.cpp">
      <Filter>Source Files</Filter>
    </ClCompile>
    <ClCompile Include="TListCtrl.cpp">
      <Filter>Source Files</Filter>
    </ClCompile>
    <ClCompile Include="TMonsterChartSet.cpp">
      <Filter>Source Files</Filter>
    </ClCompile>
    <ClCompile Include="TQClassDlg.cpp">
      <Filter>Source Files</Filter>
    </ClCompile>
    <ClCompile Include="TQClassSet.cpp">
      <Filter>Source Files</Filter>
    </ClCompile>
    <ClCompile Include="TQuestEditor.cpp">
      <Filter>Source Files</Filter>
    </ClCompile>
    <ClCompile Include="TQuestEditorDoc.cpp">
      <Filter>Source Files</Filter>
    </ClCompile>
    <ClCompile Include="TQuestEditorView.cpp">
      <Filter>Source Files</Filter>
    </ClCompile>
    <ClCompile Include="TQuestSet.cpp">
      <Filter>Source Files</Filter>
    </ClCompile>
    <ClCompile Include="TQuestView.cpp">
      <Filter>Source Files</Filter>
    </ClCompile>
    <ClCompile Include="TRewardSet.cpp">
      <Filter>Source Files</Filter>
    </ClCompile>
    <ClCompile Include="TTermSet.cpp">
      <Filter>Source Files</Filter>
    </ClCompile>
    <ClCompile Include="TTermTextSet.cpp">
      <Filter>Source Files</Filter>
    </ClCompile>
    <ClCompile Include="TTitleSet.cpp">
      <Filter>Source Files</Filter>
    </ClCompile>
  </ItemGroup>
  <ItemGroup>
    <ResourceCompile Include="TQuestEditor.rc">
      <Filter>Source Files</Filter>
    </ResourceCompile>
  </ItemGroup>
  <ItemGroup>
    <ClInclude Include="ClassTitleDlg.h">
      <Filter>Header Files</Filter>
    </ClInclude>
    <ClInclude Include="FindQuestListDlg.h">
      <Filter>Header Files</Filter>
    </ClInclude>
    <ClInclude Include="FindQuestTitleDlg.h">
      <Filter>Header Files</Filter>
    </ClInclude>
    <ClInclude Include="MainFrm.h">
      <Filter>Header Files</Filter>
    </ClInclude>
    <ClInclude Include="Resource.h">
      <Filter>Header Files</Filter>
    </ClInclude>
    <ClInclude Include="StdAfx.h">
      <Filter>Header Files</Filter>
    </ClInclude>
    <ClInclude Include="TChangeParentDlg.h">
      <Filter>Header Files</Filter>
    </ClInclude>
    <ClInclude Include="TConditionSet.h">
      <Filter>Header Files</Filter>
    </ClInclude>
    <ClInclude Include="TEditTQClassDlg.h">
      <Filter>Header Files</Filter>
    </ClInclude>
    <ClInclude Include="TListCtrl.h">
      <Filter>Header Files</Filter>
    </ClInclude>
    <ClInclude Include="TMonsterChartSet.h">
      <Filter>Header Files</Filter>
    </ClInclude>
    <ClInclude Include="TQClassDlg.h">
      <Filter>Header Files</Filter>
    </ClInclude>
    <ClInclude Include="TQClassSet.h">
      <Filter>Header Files</Filter>
    </ClInclude>
    <ClInclude Include="TQuest.h">
      <Filter>Header Files</Filter>
    </ClInclude>
    <ClInclude Include="TQuestEditor.h">
      <Filter>Header Files</Filter>
    </ClInclude>
    <ClInclude Include="TQuestEditorDoc.h">
      <Filter>Header Files</Filter>
    </ClInclude>
    <ClInclude Include="TQuestEditorView.h">
      <Filter>Header Files</Filter>
    </ClInclude>
    <ClInclude Include="TQuestSet.h">
      <Filter>Header Files</Filter>
    </ClInclude>
    <ClInclude Include="TQuestView.h">
      <Filter>Header Files</Filter>
    </ClInclude>
    <ClInclude Include="TRewardSet.h">
      <Filter>Header Files</Filter>
    </ClInclude>
    <ClInclude Include="TTermSet.h">
      <Filter>Header Files</Filter>
    </ClInclude>
    <ClInclude Include="TTermTextSet.h">
      <Filter>Header Files</Filter>
    </ClInclude>
    <ClInclude Include="TTitleSet.h">
      <Filter>Header Files</Filter>
    </ClInclude>
  </ItemGroup>
  <ItemGroup>
    <Image Include="res\bitmap_t.bmp">
      <Filter>Resource Files</Filter>
    </Image>
    <Image Include="res\Toolbar.bmp">
      <Filter>Resource Files</Filter>
    </Image>
    <Image Include="res\TQuestEditor.ico">
      <Filter>Resource Files</Filter>
    </Image>
    <Image Include="res\TQuestEditorDoc.ico">
      <Filter>Resource Files</Filter>
    </Image>
  </ItemGroup>
  <ItemGroup>
    <None Include="res\TQuestEditor.rc2">
      <Filter>Resource Files</Filter>
    </None>
    <None Include="TQuestEditor.reg">
      <Filter>Resource Files</Filter>
    </None>
  </ItemGroup>
</Project>